
Microsoft Visual Studio Solution File, Format Version 12.00
# Visual Studio Version 16
VisualStudioVersion = 25.0.1703.4
MinimumVisualStudioVersion = 10.0.40219.1
Project("{FAE04EC0-301F-11D3-BF4B-00C04F79EFBC}") = "WebBrowserTests", "WebBrowserTests.csproj", "{2FD1701C-F6B3-4E5B-87FF-633FFA092F33}"
EndProject
Global
	GlobalSection(SolutionConfigurationPlatforms) = preSolution
		Debug|Any CPU = Debug|Any CPU
		Release|Any CPU = Release|Any CPU
	EndGlobalSection
	GlobalSection(ProjectConfigurationPlatforms) = postSolution
		{2FD1701C-F6B3-4E5B-87FF-633FFA092F33}.Debug|Any CPU.ActiveCfg = Debug|Any CPU
		{2FD1701C-F6B3-4E5B-87FF-633FFA092F33}.Debug|Any CPU.Build.0 = Debug|Any CPU
		{2FD1701C-F6B3-4E5B-87FF-633FFA092F33}.Release|Any CPU.ActiveCfg = Release|Any CPU
		{2FD1701C-F6B3-4E5B-87FF-633FFA092F33}.Release|Any CPU.Build.0 = Release|Any CPU
	EndGlobalSection
	GlobalSection(SolutionProperties) = preSolution
		HideSolutionNode = FALSE
	EndGlobalSection
	GlobalSection(ExtensibilityGlobals) = postSolution
		SolutionGuid = {09082A06-2FB3-49F5-AEF7-A52870F3E593}
	EndGlobalSection
EndGlobal
